
Microsoft Visual Studio Solution File, Format Version 12.00
# Visual Studio Version 17
VisualStudioVersion = 17.14.37710.0 d17.14
MinimumVisualStudioVersion = 10.0.40219.1
Project("{FAE04EC0-301F-11D3-BF4B-00C04F79EFBC}") = "PickingApp", "PickingApp\PickingApp.csproj", "{4A20F453-D597-41BA-9D28-2BD4D55CAD17}"
EndProject
Global
	GlobalSection(SolutionConfigurationPlatforms) = preSolution
		Debug|Any CPU = Debug|Any CPU
		Release|Any CPU = Release|Any CPU
	EndGlobalSection
	GlobalSection(ProjectConfigurationPlatforms) = postSolution
		{4A20F453-D597-41BA-9D28-2BD4D55CAD17}.Debug|Any CPU.ActiveCfg = Debug|Any CPU
		{4A20F453-D597-41BA-9D28-2BD4D55CAD17}.Debug|Any CPU.Build.0 = Debug|Any CPU
		{4A20F453-D597-41BA-9D28-2BD4D55CAD17}.Release|Any CPU.ActiveCfg = Release|Any CPU
		{4A20F453-D597-41BA-9D28-2BD4D55CAD17}.Release|Any CPU.Build.0 = Release|Any CPU
	EndGlobalSection
	GlobalSection(SolutionProperties) = preSolution
		HideSolutionNode = FALSE
	EndGlobalSection
	GlobalSection(ExtensibilityGlobals) = postSolution
		SolutionGuid = {3C813862-6F56-4639-9492-60D956BB8855}
	EndGlobalSection
EndGlobal
